{
  "name": "KSH",
  "lockfileVersion": 2,
  "requires": true,
  "packages": {
    "": {
      "dependencies": {
        "vue-drag-n-drop": "^1.3.0"
      }
    },
    "node_modules/lodash": {
      "version": "4.17.21",
      "resolved": "https://registry.npmjs.org/lodash/-/lodash-4.17.21.tgz",
      "integrity": "sha512-v2kDEe57lecTulaDIuNTPy3Ry4gLGJ6Z1O3vE1krgXZNrsQ+LFTGHVxVjcXPs17LhbZVGedAJv8XZ1tvj5FvSg=="
    },
    "node_modules/smooth-dnd": {
      "version": "0.6.3",
      "resolved": "https://registry.npmjs.org/smooth-dnd/-/smooth-dnd-0.6.3.tgz",
      "integrity": "sha512-MT9YZK2+/GOWYLDUUrsaFpQ02DOGVxFRsX006uWdh3k2sZhKajDU6hkufznw3WFR6nO9ZqSfP5n21ekOUORwXg=="
    },
    "node_modules/vue-drag-n-drop": {
      "version": "1.3.0",
      "resolved": "https://registry.npmjs.org/vue-drag-n-drop/-/vue-drag-n-drop-1.3.0.tgz",
      "integrity": "sha512-bC641L1n/xL1KLrhoKduPDUWqilUQnrYvemh2dbsVKhDbrmAtNYOeGrErhqaPkLfoeVUwJa0Mklfz6niL5rPDg==",
      "dependencies": {
        "lodash": "^4.17.13",
        "vue-smooth-dnd": "^0.2.1"
      }
    },
    "node_modules/vue-smooth-dnd": {
      "version": "0.2.8",
      "resolved": "https://registry.npmjs.org/vue-smooth-dnd/-/vue-smooth-dnd-0.2.8.tgz",
      "integrity": "sha512-sJ+ZyjO2V6qbdHNVd8ICj4PCE+Yw4X8A7TehLPLm3HzHb1LmLFLBEelJAiWpijgs0mHC3XVzRqCox5SQsj2vqA==",
      "dependencies": {
        "smooth-dnd": "^0.6.3"
      }
    }
  },
  "dependencies": {
    "lodash": {
      "version": "4.17.21",
      "resolved": "https://registry.npmjs.org/lodash/-/lodash-4.17.21.tgz",
      "integrity": "sha512-v2kDEe57lecTulaDIuNTPy3Ry4gLGJ6Z1O3vE1krgXZNrsQ+LFTGHVxVjcXPs17LhbZVGedAJv8XZ1tvj5FvSg=="
    },
    "smooth-dnd": {
      "version": "0.6.3",
      "resolved": "https://registry.npmjs.org/smooth-dnd/-/smooth-dnd-0.6.3.tgz",
      "integrity": "sha512-MT9YZK2+/GOWYLDUUrsaFpQ02DOGVxFRsX006uWdh3k2sZhKajDU6hkufznw3WFR6nO9ZqSfP5n21ekOUORwXg=="
    },
    "vue-drag-n-drop": {
      "version": "1.3.0",
      "resolved": "https://registry.npmjs.org/vue-drag-n-drop/-/vue-drag-n-drop-1.3.0.tgz",
      "integrity": "sha512-bC641L1n/xL1KLrhoKduPDUWqilUQnrYvemh2dbsVKhDbrmAtNYOeGrErhqaPkLfoeVUwJa0Mklfz6niL5rPDg==",
      "requires": {
        "lodash": "^4.17.13",
        "vue-smooth-dnd": "^0.2.1"
      }
    },
    "vue-smooth-dnd": {
      "version": "0.2.8",
      "resolved": "https://registry.npmjs.org/vue-smooth-dnd/-/vue-smooth-dnd-0.2.8.tgz",
      "integrity": "sha512-sJ+ZyjO2V6qbdHNVd8ICj4PCE+Yw4X8A7TehLPLm3HzHb1LmLFLBEelJAiWpijgs0mHC3XVzRqCox5SQsj2vqA==",
      "requires": {
        "smooth-dnd": "^0.6.3"
      }
    }
  }
}
